{
  "name": "@quot/app",
  "version": "0.0.0",
  "lockfileVersion": 2,
  "requires": true,
  "packages": {
    "": {
      "name": "@quot/app",
      "version": "0.0.0",
      "dependencies": {
        "@exampledev/new.css": "^1.1.3",
        "@lexical/plain-text": "^0.3.11",
        "esbuild": "^0.15.5",
        "esbuild-register": "^3.3.3",
        "lexical": "^0.3.11",
        "solid-js": "^1.4.8"
      },
      "devDependencies": {
        "@tsconfig/node18-strictest-esm": "^1.0.0",
        "@types/node": "^18.7.8",
        "typescript": "^4.7.4"
      },
      "engines": {
        "node": "^18.7.0"
      }
    },
    "node_modules/@exampledev/new.css": {
      "version": "1.1.3",
      "resolved": "https://registry.npmjs.org/@exampledev/new.css/-/new.css-1.1.3.tgz",
      "integrity": "sha512-qhbGfqBRwUlM6MCSaJdUfjq86opNCMvM+6kVvs6S0kYhy0V8dKbe4rDMIklEJGuMc5QH5OuPjdCReu9I0tim2w=="
    },
    "node_modules/@lexical/clipboard": {
      "version": "0.3.11",
      "resolved": "https://registry.npmjs.org/@lexical/clipboard/-/clipboard-0.3.11.tgz",
      "integrity": "sha512-ly+9R2Rccz80eV9Gu0hOi701fXIyU50t+S7OR0Ensos09oAmQPae6poFkvS3k36tH+leLgk0hRZ47pB/+ejENA==",
      "peer": true,
      "dependencies": {
        "@lexical/html": "0.3.11",
        "@lexical/list": "0.3.11",
        "@lexical/selection": "0.3.11",
        "@lexical/utils": "0.3.11"
      },
      "peerDependencies": {
        "lexical": "0.3.11"
      }
    },
    "node_modules/@lexical/html": {
      "version": "0.3.11",
      "resolved": "https://registry.npmjs.org/@lexical/html/-/html-0.3.11.tgz",
      "integrity": "sha512-cw6IjI+OQr6Dwm1Mvkws0HsMOZ0lIky/DIhSt7ZAcUya+N1sis3kNIhg5Gijvpao+/n17QPgOwWS2sE7PFESmg==",
      "peer": true,
      "dependencies": {
        "@lexical/selection": "0.3.11"
      },
      "peerDependencies": {
        "lexical": "0.3.11"
      }
    },
    "node_modules/@lexical/list": {
      "version": "0.3.11",
      "resolved": "https://registry.npmjs.org/@lexical/list/-/list-0.3.11.tgz",
      "integrity": "sha512-l79kqwFRTuUx+fNxRmYaqP27tB7va/MAKoRL1Jzv1EYBZjz0fEHxpaRBG7Y5JHSMMFRQrJEhL4hKMs2EiCecvQ==",
      "peer": true,
      "dependencies": {
        "@lexical/utils": "0.3.11"
      },
      "peerDependencies": {
        "lexical": "0.3.11"
      }
    },
    "node_modules/@lexical/plain-text": {
      "version": "0.3.11",
      "resolved": "https://registry.npmjs.org/@lexical/plain-text/-/plain-text-0.3.11.tgz",
      "integrity": "sha512-AfCHJPtY0g/gknYDCU2uZ5NHASSp1Gg7Ho7OuAi3sVOuVqs+SHI+ZkeC3y7MxrGhOP3TnZ+EsltAbToEQclSDA==",
      "peerDependencies": {
        "@lexical/clipboard": "0.3.11",
        "@lexical/selection": "0.3.11",
        "@lexical/utils": "0.3.11",
        "lexical": "0.3.11"
      }
    },
    "node_modules/@lexical/selection": {
      "version": "0.3.11",
      "resolved": "https://registry.npmjs.org/@lexical/selection/-/selection-0.3.11.tgz",
      "integrity": "sha512-6SlXUmLP6K2E1OQFS2QcOiGe1fZV4o1vFLynq/st7BVzpQ1/bDMp2lnsnNWyA0H6v36n+wVUvipKsyFcrDtH/w==",
      "peer": true,
      "peerDependencies": {
        "lexical": "0.3.11"
      }
    },
    "node_modules/@lexical/table": {
      "version": "0.3.11",
      "resolved": "https://registry.npmjs.org/@lexical/table/-/table-0.3.11.tgz",
      "integrity": "sha512-/6nDug81vfs6eI3u23JTRcCny1fsJ/gjM/ljERd6+f9rP+yXbStMKIyAsWebz6ZSskoyl5LIj8Po3PParhCdGg==",
      "peer": true,
      "dependencies": {
        "@lexical/utils": "0.3.11"
      },
      "peerDependencies": {
        "lexical": "0.3.11"
      }
    },
    "node_modules/@lexical/utils": {
      "version": "0.3.11",
      "resolved": "https://registry.npmjs.org/@lexical/utils/-/utils-0.3.11.tgz",
      "integrity": "sha512-J3HQjPSYg33Yd+g/SUx9Selqn27qCmXN253+0lIEH8R8pn2A+Pe4vrk+/DSr/URuN1GUq+jjLWci3SDsA4h3xQ==",
      "peer": true,
      "dependencies": {
        "@lexical/list": "0.3.11",
        "@lexical/table": "0.3.11"
      },
      "peerDependencies": {
        "lexical": "0.3.11"
      }
    },
    "node_modules/@tsconfig/node18-strictest-esm": {
      "version": "1.0.0",
      "resolved": "https://registry.npmjs.org/@tsconfig/node18-strictest-esm/-/node18-strictest-esm-1.0.0.tgz",
      "integrity": "sha512-4lY2mZXGFaW13OYcz6kwWFussLbIAg5XBlS2h72jzr4mqr/CuFmF04S7hkpBYbw0k/TNQ4tFLx1/j6VpBqr3Tg==",
      "dev": true
    },
    "node_modules/@types/node": {
      "version": "18.7.8",
      "resolved": "https://registry.npmjs.org/@types/node/-/node-18.7.8.tgz",
      "integrity": "sha512-/YP55EMK2341JkODUb8DM9O0x1SIz2aBvyF33Uf1c76St3VpsMXEIW0nxuKkq/5cxnbz0RD9cfwNZHEAZQD3ag==",
      "dev": true
    },
    "node_modules/esbuild": {
      "version": "0.15.5",
      "resolved": "https://registry.npmjs.org/esbuild/-/esbuild-0.15.5.tgz",
      "integrity": "sha512-VSf6S1QVqvxfIsSKb3UKr3VhUCis7wgDbtF4Vd9z84UJr05/Sp2fRKmzC+CSPG/dNAPPJZ0BTBLTT1Fhd6N9Gg==",
      "hasInstallScript": true,
      "bin": {
        "esbuild": "bin/esbuild"
      },
      "engines": {
        "node": ">=12"
      },
      "optionalDependencies": {
        "@esbuild/linux-loong64": "0.15.5",
        "esbuild-android-64": "0.15.5",
        "esbuild-android-arm64": "0.15.5",
        "esbuild-darwin-64": "0.15.5",
        "esbuild-darwin-arm64": "0.15.5",
        "esbuild-freebsd-64": "0.15.5",
        "esbuild-freebsd-arm64": "0.15.5",
        "esbuild-linux-32": "0.15.5",
        "esbuild-linux-64": "0.15.5",
        "esbuild-linux-arm": "0.15.5",
        "esbuild-linux-arm64": "0.15.5",
        "esbuild-linux-mips64le": "0.15.5",
        "esbuild-linux-ppc64le": "0.15.5",
        "esbuild-linux-riscv64": "0.15.5",
        "esbuild-linux-s390x": "0.15.5",
        "esbuild-netbsd-64": "0.15.5",
        "esbuild-openbsd-64": "0.15.5",
        "esbuild-sunos-64": "0.15.5",
        "esbuild-windows-32": "0.15.5",
        "esbuild-windows-64": "0.15.5",
        "esbuild-windows-arm64": "0.15.5"
      }
    },
    "node_modules/esbuild-linux-64": {
      "version": "0.15.5",
      "resolved": "https://registry.npmjs.org/esbuild-linux-64/-/esbuild-linux-64-0.15.5.tgz",
      "integrity": "sha512-ne0GFdNLsm4veXbTnYAWjbx3shpNKZJUd6XpNbKNUZaNllDZfYQt0/zRqOg0sc7O8GQ+PjSMv9IpIEULXVTVmg==",
      "cpu": [
        "x64"
      ],
      "optional": true,
      "os": [
        "linux"
      ],
      "engines": {
        "node": ">=12"
      }
    },
    "node_modules/esbuild-register": {
      "version": "3.3.3",
      "resolved": "https://registry.npmjs.org/esbuild-register/-/esbuild-register-3.3.3.tgz",
      "integrity": "sha512-eFHOkutgIMJY5gc8LUp/7c+LLlDqzNi9T6AwCZ2WKKl3HmT+5ef3ZRyPPxDOynInML0fgaC50yszPKfPnjC0NQ==",
      "peerDependencies": {
        "esbuild": ">=0.12 <1"
      }
    },
    "node_modules/lexical": {
      "version": "0.3.11",
      "resolved": "https://registry.npmjs.org/lexical/-/lexical-0.3.11.tgz",
      "integrity": "sha512-HZvQ2T3g0jWBX6MC/A0HY1N7NMvR+FrmTfR4vn6WnoCg56UPlkgIX3GKa6rCyGOAnOtykXRPJ831JWEKJUHalQ=="
    },
    "node_modules/solid-js": {
      "version": "1.4.8",
      "resolved": "https://registry.npmjs.org/solid-js/-/solid-js-1.4.8.tgz",
      "integrity": "sha512-XErZdnnYYXF7OwGSUAPcua2y5/ELB/c53zFCpWiEGqxTNoH1iQghzI8EsHJXk06sNn+Z/TGhb8bPDNNGSgimag=="
    },
    "node_modules/typescript": {
      "version": "4.7.4",
      "resolved": "https://registry.npmjs.org/typescript/-/typescript-4.7.4.tgz",
      "integrity": "sha512-C0WQT0gezHuw6AdY1M2jxUO83Rjf0HP7Sk1DtXj6j1EwkQNZrHAg2XPWlq62oqEhYvONq5pkC2Y9oPljWToLmQ==",
      "dev": true,
      "bin": {
        "tsc": "bin/tsc",
        "tsserver": "bin/tsserver"
      },
      "engines": {
        "node": ">=4.2.0"
      }
    }
  },
  "dependencies": {
    "@exampledev/new.css": {
      "version": "1.1.3",
      "resolved": "https://registry.npmjs.org/@exampledev/new.css/-/new.css-1.1.3.tgz",
      "integrity": "sha512-qhbGfqBRwUlM6MCSaJdUfjq86opNCMvM+6kVvs6S0kYhy0V8dKbe4rDMIklEJGuMc5QH5OuPjdCReu9I0tim2w=="
    },
    "@lexical/clipboard": {
      "version": "0.3.11",
      "resolved": "https://registry.npmjs.org/@lexical/clipboard/-/clipboard-0.3.11.tgz",
      "integrity": "sha512-ly+9R2Rccz80eV9Gu0hOi701fXIyU50t+S7OR0Ensos09oAmQPae6poFkvS3k36tH+leLgk0hRZ47pB/+ejENA==",
      "peer": true,
      "requires": {
        "@lexical/html": "0.3.11",
        "@lexical/list": "0.3.11",
        "@lexical/selection": "0.3.11",
        "@lexical/utils": "0.3.11"
      }
    },
    "@lexical/html": {
      "version": "0.3.11",
      "resolved": "https://registry.npmjs.org/@lexical/html/-/html-0.3.11.tgz",
      "integrity": "sha512-cw6IjI+OQr6Dwm1Mvkws0HsMOZ0lIky/DIhSt7ZAcUya+N1sis3kNIhg5Gijvpao+/n17QPgOwWS2sE7PFESmg==",
      "peer": true,
      "requires": {
        "@lexical/selection": "0.3.11"
      }
    },
    "@lexical/list": {
      "version": "0.3.11",
      "resolved": "https://registry.npmjs.org/@lexical/list/-/list-0.3.11.tgz",
      "integrity": "sha512-l79kqwFRTuUx+fNxRmYaqP27tB7va/MAKoRL1Jzv1EYBZjz0fEHxpaRBG7Y5JHSMMFRQrJEhL4hKMs2EiCecvQ==",
      "peer": true,
      "requires": {
        "@lexical/utils": "0.3.11"
      }
    },
    "@lexical/plain-text": {
      "version": "0.3.11",
      "resolved": "https://registry.npmjs.org/@lexical/plain-text/-/plain-text-0.3.11.tgz",
      "integrity": "sha512-AfCHJPtY0g/gknYDCU2uZ5NHASSp1Gg7Ho7OuAi3sVOuVqs+SHI+ZkeC3y7MxrGhOP3TnZ+EsltAbToEQclSDA==",
      "requires": {}
    },
    "@lexical/selection": {
      "version": "0.3.11",
      "resolved": "https://registry.npmjs.org/@lexical/selection/-/selection-0.3.11.tgz",
      "integrity": "sha512-6SlXUmLP6K2E1OQFS2QcOiGe1fZV4o1vFLynq/st7BVzpQ1/bDMp2lnsnNWyA0H6v36n+wVUvipKsyFcrDtH/w==",
      "peer": true,
      "requires": {}
    },
    "@lexical/table": {
      "version": "0.3.11",
      "resolved": "https://registry.npmjs.org/@lexical/table/-/table-0.3.11.tgz",
      "integrity": "sha512-/6nDug81vfs6eI3u23JTRcCny1fsJ/gjM/ljERd6+f9rP+yXbStMKIyAsWebz6ZSskoyl5LIj8Po3PParhCdGg==",
      "peer": true,
      "requires": {
        "@lexical/utils": "0.3.11"
      }
    },
    "@lexical/utils": {
      "version": "0.3.11",
      "resolved": "https://registry.npmjs.org/@lexical/utils/-/utils-0.3.11.tgz",
      "integrity": "sha512-J3HQjPSYg33Yd+g/SUx9Selqn27qCmXN253+0lIEH8R8pn2A+Pe4vrk+/DSr/URuN1GUq+jjLWci3SDsA4h3xQ==",
      "peer": true,
      "requires": {
        "@lexical/list": "0.3.11",
        "@lexical/table": "0.3.11"
      }
    },
    "@tsconfig/node18-strictest-esm": {
      "version": "1.0.0",
      "resolved": "https://registry.npmjs.org/@tsconfig/node18-strictest-esm/-/node18-strictest-esm-1.0.0.tgz",
      "integrity": "sha512-4lY2mZXGFaW13OYcz6kwWFussLbIAg5XBlS2h72jzr4mqr/CuFmF04S7hkpBYbw0k/TNQ4tFLx1/j6VpBqr3Tg==",
      "dev": true
    },
    "@types/node": {
      "version": "18.7.8",
      "resolved": "https://registry.npmjs.org/@types/node/-/node-18.7.8.tgz",
      "integrity": "sha512-/YP55EMK2341JkODUb8DM9O0x1SIz2aBvyF33Uf1c76St3VpsMXEIW0nxuKkq/5cxnbz0RD9cfwNZHEAZQD3ag==",
      "dev": true
    },
    "esbuild": {
      "version": "0.15.5",
      "resolved": "https://registry.npmjs.org/esbuild/-/esbuild-0.15.5.tgz",
      "integrity": "sha512-VSf6S1QVqvxfIsSKb3UKr3VhUCis7wgDbtF4Vd9z84UJr05/Sp2fRKmzC+CSPG/dNAPPJZ0BTBLTT1Fhd6N9Gg==",
      "requires": {
        "@esbuild/linux-loong64": "0.15.5",
        "esbuild-android-64": "0.15.5",
        "esbuild-android-arm64": "0.15.5",
        "esbuild-darwin-64": "0.15.5",
        "esbuild-darwin-arm64": "0.15.5",
        "esbuild-freebsd-64": "0.15.5",
        "esbuild-freebsd-arm64": "0.15.5",
        "esbuild-linux-32": "0.15.5",
        "esbuild-linux-64": "0.15.5",
        "esbuild-linux-arm": "0.15.5",
        "esbuild-linux-arm64": "0.15.5",
        "esbuild-linux-mips64le": "0.15.5",
        "esbuild-linux-ppc64le": "0.15.5",
        "esbuild-linux-riscv64": "0.15.5",
        "esbuild-linux-s390x": "0.15.5",
        "esbuild-netbsd-64": "0.15.5",
        "esbuild-openbsd-64": "0.15.5",
        "esbuild-sunos-64": "0.15.5",
        "esbuild-windows-32": "0.15.5",
        "esbuild-windows-64": "0.15.5",
        "esbuild-windows-arm64": "0.15.5"
      }
    },
    "esbuild-linux-64": {
      "version": "0.15.5",
      "resolved": "https://registry.npmjs.org/esbuild-linux-64/-/esbuild-linux-64-0.15.5.tgz",
      "integrity": "sha512-ne0GFdNLsm4veXbTnYAWjbx3shpNKZJUd6XpNbKNUZaNllDZfYQt0/zRqOg0sc7O8GQ+PjSMv9IpIEULXVTVmg==",
      "optional": true
    },
    "esbuild-register": {
      "version": "3.3.3",
      "resolved": "https://registry.npmjs.org/esbuild-register/-/esbuild-register-3.3.3.tgz",
      "integrity": "sha512-eFHOkutgIMJY5gc8LUp/7c+LLlDqzNi9T6AwCZ2WKKl3HmT+5ef3ZRyPPxDOynInML0fgaC50yszPKfPnjC0NQ==",
      "requires": {}
    },
    "lexical": {
      "version": "0.3.11",
      "resolved": "https://registry.npmjs.org/lexical/-/lexical-0.3.11.tgz",
      "integrity": "sha512-HZvQ2T3g0jWBX6MC/A0HY1N7NMvR+FrmTfR4vn6WnoCg56UPlkgIX3GKa6rCyGOAnOtykXRPJ831JWEKJUHalQ=="
    },
    "solid-js": {
      "version": "1.4.8",
      "resolved": "https://registry.npmjs.org/solid-js/-/solid-js-1.4.8.tgz",
      "integrity": "sha512-XErZdnnYYXF7OwGSUAPcua2y5/ELB/c53zFCpWiEGqxTNoH1iQghzI8EsHJXk06sNn+Z/TGhb8bPDNNGSgimag=="
    },
    "typescript": {
      "version": "4.7.4",
      "resolved": "https://registry.npmjs.org/typescript/-/typescript-4.7.4.tgz",
      "integrity": "sha512-C0WQT0gezHuw6AdY1M2jxUO83Rjf0HP7Sk1DtXj6j1EwkQNZrHAg2XPWlq62oqEhYvONq5pkC2Y9oPljWToLmQ==",
      "dev": true
    }
  }
}
